{
  "requires": true,
  "lockfileVersion": 1,
  "dependencies": {
    "fullpage.js": {
      "version": "3.1.0",
      "resolved": "https://registry.npmjs.org/fullpage.js/-/fullpage.js-3.1.0.tgz",
      "integrity": "sha512-fbwb9MxcWHfWAR4bV5g+9aWFKdDrgDhFgtBTnfXZMIJU2CpSTbn+eZSKF827atCsLCXUFTMF0CgatagxvzIEqg=="
    }
  }
}
